
Microsoft Visual Studio Solution File, Format Version 12.00
# Visual Studio 15
VisualStudioVersion = 15.0.26124.0
MinimumVisualStudioVersion = 15.0.26124.0
Project("{2150E333-8FDC-42A3-9474-1A3956D46DE8}") = "src", "src", "{DD593059-F905-40AB-A1FF-91C012FDD95C}"
EndProject
Project("{FAE04EC0-301F-11D3-BF4B-00C04F79EFBC}") = "GradeBook", "src\GradeBook\GradeBook.csproj", "{81BFC8D4-B7C5-486A-9646-DF3621D43135}"
EndProject
Project("{2150E333-8FDC-42A3-9474-1A3956D46DE8}") = "test", "test", "{5995B078-7076-409A-8659-2E9BC13CC63E}"
EndProject
Project("{FAE04EC0-301F-11D3-BF4B-00C04F79EFBC}") = "GradeBook.Tests", "test\GradeBook.Tests\GradeBook.Tests.csproj", "{EB480AA3-0286-4741-9583-7116580D7165}"
EndProject
Global
	GlobalSection(SolutionConfigurationPlatforms) = preSolution
		Debug|Any CPU = Debug|Any CPU
		Debug|x64 = Debug|x64
		Debug|x86 = Debug|x86
		Release|Any CPU = Release|Any CPU
		Release|x64 = Release|x64
		Release|x86 = Release|x86
	EndGlobalSection
	GlobalSection(SolutionProperties) = preSolution
		HideSolutionNode = FALSE
	EndGlobalSection
	GlobalSection(ProjectConfigurationPlatforms) = postSolution
		{81BFC8D4-B7C5-486A-9646-DF3621D43135}.Debug|Any CPU.ActiveCfg = Debug|Any CPU
		{81BFC8D4-B7C5-486A-9646-DF3621D43135}.Debug|Any CPU.Build.0 = Debug|Any CPU
		{81BFC8D4-B7C5-486A-9646-DF3621D43135}.Debug|x64.ActiveCfg = Debug|Any CPU
		{81BFC8D4-B7C5-486A-9646-DF3621D43135}.Debug|x64.Build.0 = Debug|Any CPU
		{81BFC8D4-B7C5-486A-9646-DF3621D43135}.Debug|x86.ActiveCfg = Debug|Any CPU
		{81BFC8D4-B7C5-486A-9646-DF3621D43135}.Debug|x86.Build.0 = Debug|Any CPU
		{81BFC8D4-B7C5-486A-9646-DF3621D43135}.Release|Any CPU.ActiveCfg = Release|Any CPU
		{81BFC8D4-B7C5-486A-9646-DF3621D43135}.Release|Any CPU.Build.0 = Release|Any CPU
		{81BFC8D4-B7C5-486A-9646-DF3621D43135}.Release|x64.ActiveCfg = Release|Any CPU
		{81BFC8D4-B7C5-486A-9646-DF3621D43135}.Release|x64.Build.0 = Release|Any CPU
		{81BFC8D4-B7C5-486A-9646-DF3621D43135}.Release|x86.ActiveCfg = Release|Any CPU
		{81BFC8D4-B7C5-486A-9646-DF3621D43135}.Release|x86.Build.0 = Release|Any CPU
		{EB480AA3-0286-4741-9583-7116580D7165}.Debug|Any CPU.ActiveCfg = Debug|Any CPU
		{EB480AA3-0286-4741-9583-7116580D7165}.Debug|Any CPU.Build.0 = Debug|Any CPU
		{EB480AA3-0286-4741-9583-7116580D7165}.Debug|x64.ActiveCfg = Debug|Any CPU
		{EB480AA3-0286-4741-9583-7116580D7165}.Debug|x64.Build.0 = Debug|Any CPU
		{EB480AA3-0286-4741-9583-7116580D7165}.Debug|x86.ActiveCfg = Debug|Any CPU
		{EB480AA3-0286-4741-9583-7116580D7165}.Debug|x86.Build.0 = Debug|Any CPU
		{EB480AA3-0286-4741-9583-7116580D7165}.Release|Any CPU.ActiveCfg = Release|Any CPU
		{EB480AA3-0286-4741-9583-7116580D7165}.Release|Any CPU.Build.0 = Release|Any CPU
		{EB480AA3-0286-4741-9583-7116580D7165}.Release|x64.ActiveCfg = Release|Any CPU
		{EB480AA3-0286-4741-9583-7116580D7165}.Release|x64.Build.0 = Release|Any CPU
		{EB480AA3-0286-4741-9583-7116580D7165}.Release|x86.ActiveCfg = Release|Any CPU
		{EB480AA3-0286-4741-9583-7116580D7165}.Release|x86.Build.0 = Release|Any CPU
	EndGlobalSection
	GlobalSection(NestedProjects) = preSolution
		{81BFC8D4-B7C5-486A-9646-DF3621D43135} = {DD593059-F905-40AB-A1FF-91C012FDD95C}
		{EB480AA3-0286-4741-9583-7116580D7165} = {5995B078-7076-409A-8659-2E9BC13CC63E}
	EndGlobalSection
EndGlobal
